// !$*UTF8*$!
{
	archiveVersion = 1;
	classes = {
	};
	objectVersion = 70;
	objects = {

/* Begin PBXBuildFile section */
		29550BE22AEADD560014F07F /* ETH Mensa Clip.app in Embed App Clips */ = {isa = PBXBuildFile; fileRef = 29550BD32AEADD550014F07F /* ETH Mensa Clip.app */; platformFilter = ios; settings = {ATTRIBUTES = (RemoveHeadersOnCopy, ); }; };
		299314992C8F4A8E0046D221 /* WhatsNewKit in Frameworks */ = {isa = PBXBuildFile; productRef = 299314982C8F4A8E0046D221 /* WhatsNewKit */; };
		2993149B2C8F4A990046D221 /* WhatsNewKit in Frameworks */ = {isa = PBXBuildFile; productRef = 2993149A2C8F4A990046D221 /* WhatsNewKit */; };
		299730202BF2AE3500BB3A18 /* UIOnboarding in Frameworks */ = {isa = PBXBuildFile; productRef = 2997301F2BF2AE3500BB3A18 /* UIOnboarding */; };
		2997302B2BF2AEC300BB3A18 /* URLImage in Frameworks */ = {isa = PBXBuildFile; productRef = 2997302A2BF2AEC300BB3A18 /* URLImage */; };
		2997302D2BF2AED000BB3A18 /* URLImage in Frameworks */ = {isa = PBXBuildFile; productRef = 2997302C2BF2AED000BB3A18 /* URLImage */; };
		299730312BF2AF1400BB3A18 /* URLImage in Frameworks */ = {isa = PBXBuildFile; productRef = 299730302BF2AF1400BB3A18 /* URLImage */; };
		29CEE19A2D84301C00C6D257 /* widget.appex in Embed Foundation Extensions */ = {isa = PBXBuildFile; fileRef = 29CEE1882D84301B00C6D257 /* widget.appex */; platformFilter = ios; settings = {ATTRIBUTES = (RemoveHeadersOnCopy, ); }; };
		29E53F992AED5D4500BCDB65 /* ETH Mensa watchOS.app in Embed Watch Content */ = {isa = PBXBuildFile; fileRef = 2982AFA42AEC4FCC008B2B41 /* ETH Mensa watchOS.app */; platformFilter = ios; settings = {ATTRIBUTES = (RemoveHeadersOnCopy, ); }; };
/* End PBXBuildFile section */

/* Begin PBXContainerItemProxy section */
		29550BE02AEADD560014F07F /* PBXContainerItemProxy */ = {
			isa = PBXContainerItemProxy;
			containerPortal = 294E16312A8E22C3000A3AB6 /* Project object */;
			proxyType = 1;
			remoteGlobalIDString = 29550BD22AEADD550014F07F;
			remoteInfo = Clip;
		};
		29CEE1982D84301C00C6D257 /* PBXContainerItemProxy */ = {
			isa = PBXContainerItemProxy;
			containerPortal = 294E16312A8E22C3000A3AB6 /* Project object */;
			proxyType = 1;
			remoteGlobalIDString = 29CEE1872D84301B00C6D257;
			remoteInfo = widgetExtension;
		};
		29E53F9A2AED5D4500BCDB65 /* PBXContainerItemProxy */ = {
			isa = PBXContainerItemProxy;
			containerPortal = 294E16312A8E22C3000A3AB6 /* Project object */;
			proxyType = 1;
			remoteGlobalIDString = 2982AFA32AEC4FCC008B2B41;
			remoteInfo = watchos;
		};
/* End PBXContainerItemProxy section */

/* Begin PBXCopyFilesBuildPhase section */
		293551F52AEAC88E00A93D09 /* Embed Foundation Extensions */ = {
			isa = PBXCopyFilesBuildPhase;
			buildActionMask = 2147483647;
			dstPath = "";
			dstSubfolderSpec = 13;
			files = (
				29CEE19A2D84301C00C6D257 /* widget.appex in Embed Foundation Extensions */,
			);
			name = "Embed Foundation Extensions";
			runOnlyForDeploymentPostprocessing = 0;
		};
		29550BE62AEADD560014F07F /* Embed App Clips */ = {
			isa = PBXCopyFilesBuildPhase;
			buildActionMask = 2147483647;
			dstPath = "$(CONTENTS_FOLDER_PATH)/AppClips";
			dstSubfolderSpec = 16;
			files = (
				29550BE22AEADD560014F07F /* ETH Mensa Clip.app in Embed App Clips */,
			);
			name = "Embed App Clips";
			runOnlyForDeploymentPostprocessing = 0;
		};
		29E53F9C2AED5D4500BCDB65 /* Embed Watch Content */ = {
			isa = PBXCopyFilesBuildPhase;
			buildActionMask = 2147483647;
			dstPath = "$(CONTENTS_FOLDER_PATH)/Watch";
			dstSubfolderSpec = 16;
			files = (
				29E53F992AED5D4500BCDB65 /* ETH Mensa watchOS.app in Embed Watch Content */,
			);
			name = "Embed Watch Content";
			runOnlyForDeploymentPostprocessing = 0;
		};
/* End PBXCopyFilesBuildPhase section */

/* Begin PBXFileReference section */
		291C81DB2B5998BB00730BFD /* ETH Mensa visionOS.app */ = {isa = PBXFileReference; explicitFileType = wrapper.application; includeInIndex = 0; path = "ETH Mensa visionOS.app"; sourceTree = BUILT_PRODUCTS_DIR; };
		293CAF6E2D6DCFFD0066E9F8 /* .swiftlint.yml */ = {isa = PBXFileReference; lastKnownFileType = text.yaml; path = .swiftlint.yml; sourceTree = "<group>"; };
		294E16392A8E22C3000A3AB6 /* ETH Mensa.app */ = {isa = PBXFileReference; explicitFileType = wrapper.application; includeInIndex = 0; path = "ETH Mensa.app"; sourceTree = BUILT_PRODUCTS_DIR; };
		29550BD32AEADD550014F07F /* ETH Mensa Clip.app */ = {isa = PBXFileReference; explicitFileType = wrapper.application; includeInIndex = 0; path = "ETH Mensa Clip.app"; sourceTree = BUILT_PRODUCTS_DIR; };
		2982AFA42AEC4FCC008B2B41 /* ETH Mensa watchOS.app */ = {isa = PBXFileReference; explicitFileType = wrapper.application; includeInIndex = 0; path = "ETH Mensa watchOS.app"; sourceTree = BUILT_PRODUCTS_DIR; };
		29CEE1882D84301B00C6D257 /* widget.appex */ = {isa = PBXFileReference; explicitFileType = "wrapper.app-extension"; includeInIndex = 0; path = widget.appex; sourceTree = BUILT_PRODUCTS_DIR; };
/* End PBXFileReference section */

/* Begin PBXFileSystemSynchronizedBuildFileExceptionSet section */
		290E09DA2E0ACF5C005E0BD4 /* PBXFileSystemSynchronizedBuildFileExceptionSet */ = {
			isa = PBXFileSystemSynchronizedBuildFileExceptionSet;
			membershipExceptions = (
				Info.plist,
			);
			target = 29CEE1872D84301B00C6D257 /* widget */;
		};
		290E09DB2E0ACF5C005E0BD4 /* PBXFileSystemSynchronizedBuildFileExceptionSet */ = {
			isa = PBXFileSystemSynchronizedBuildFileExceptionSet;
			membershipExceptions = (
				Info.plist,
			);
			target = 2982AFA32AEC4FCC008B2B41 /* watchos */;
		};
		290E09DC2E0ACF5C005E0BD4 /* PBXFileSystemSynchronizedBuildFileExceptionSet */ = {
			isa = PBXFileSystemSynchronizedBuildFileExceptionSet;
			membershipExceptions = (
				"WhatToTest.de-DE.txt",
			);
			target = 294E16382A8E22C3000A3AB6 /* ethmensa */;
		};
		290E09DD2E0ACF5C005E0BD4 /* PBXFileSystemSynchronizedBuildFileExceptionSet */ = {
			isa = PBXFileSystemSynchronizedBuildFileExceptionSet;
			membershipExceptions = (
				"WhatToTest.de-DE.txt",
			);
			target = 29550BD22AEADD550014F07F /* clip */;
		};
		290E09DE2E0ACF5C005E0BD4 /* PBXFileSystemSynchronizedBuildFileExceptionSet */ = {
			isa = PBXFileSystemSynchronizedBuildFileExceptionSet;
			membershipExceptions = (
				"WhatToTest.de-DE.txt",
			);
			target = 2982AFA32AEC4FCC008B2B41 /* watchos */;
		};
		290E09DF2E0ACF5C005E0BD4 /* PBXFileSystemSynchronizedBuildFileExceptionSet */ = {
			isa = PBXFileSystemSynchronizedBuildFileExceptionSet;
			membershipExceptions = (
				"WhatToTest.de-DE.txt",
			);
			target = 291C81DA2B5998BB00730BFD /* visionos */;
		};
		290E0EEC2E0ACFBB005E0BD4 /* PBXFileSystemSynchronizedBuildFileExceptionSet */ = {
			isa = PBXFileSystemSynchronizedBuildFileExceptionSet;
			membershipExceptions = (
				App/Info.plist,
			);
			target = 294E16382A8E22C3000A3AB6 /* ethmensa */;
		};
		290E0EED2E0ACFBB005E0BD4 /* PBXFileSystemSynchronizedBuildFileExceptionSet */ = {
			isa = PBXFileSystemSynchronizedBuildFileExceptionSet;
			membershipExceptions = (
				"App/AppDelegate+Notifications.swift",
				App/Info.plist,
				AppIntents/Intents/FilterIntents.swift,
				AppIntents/Intents/OpenMensaIntent.swift,
				AppIntents/Intents/SearchIntent.swift,
				AppIntents/Intents/ShowLegiIntent.swift,
				AppIntents/MensaEntity.swift,
				"AppIntents/MensaEntity+IndexedEntity.swift",
				AppIntents/ShortcutsProvider.swift,
				Data/WhatsNewProvider.swift,
				"Extensions/Array+UIOnboardingFeatureExtension.swift",
				Logic/GeofencingManager.swift,
				"Logic/GeofencingManager+Location.swift",
				Logic/NotificationManager.swift,
				Sounds/click.mp3,
				Sounds/default.mp3,
				Sounds/Sound.swift,
				Views/AppViewModifiers/OnboardingHelper.swift,
				Views/AppViewModifiers/OnboardingModifier.swift,
				Views/AppViewModifiers/OnboardingView.swift,
				Views/HelperViews/LegiView.swift,
				Views/SettingsView/AdvancedSettings/AdvancedSettingsAlertModifiers.swift,
				Views/SettingsView/AdvancedSettings/AdvancedSettingsView.swift,
				Views/SettingsView/AdvancedSettings/AdvancedSettingsViewModel.swift,
				Views/SettingsView/Allergens/SettingsAllergensView.swift,
				Views/SettingsView/CheckMarkView.swift,
				Views/SettingsView/Notifications/SettingsNotificationsView.swift,
				Views/SettingsView/Notifications/SettingsNotificationsViewModel.swift,
				Views/SettingsView/Notifications/SettingsPermissionAlertModifiers.swift,
				Views/SettingsView/Notifications/SoundSelection/SoundSelectionView.swift,
				Views/SettingsView/Notifications/SoundSelection/SoundSelectionViewModel.swift,
				Views/SettingsView/Panes/SettingsAppearanceView.swift,
				Views/SettingsView/Panes/SettingsGeneralView.swift,
				Views/SettingsView/Panes/SettingsiCloudView.swift,
				Views/SettingsView/Panes/SettingsLanguageSelectionView.swift,
				Views/SettingsView/SettingsCellView.swift,
				Views/SettingsView/SettingsFooterView.swift,
				Views/SettingsView/SettingsView.swift,
			);
			target = 29550BD22AEADD550014F07F /* clip */;
		};
		290E0EEE2E0ACFBB005E0BD4 /* PBXFileSystemSynchronizedBuildFileExceptionSet */ = {
			isa = PBXFileSystemSynchronizedBuildFileExceptionSet;
			membershipExceptions = (
				App/AppIcon.icon,
				App/Assets.xcassets,
				App/InfoPlist.xcstrings,
				App/Localizable.xcstrings,
				App/PrivacyInfo.xcprivacy,
				App/Strings.swift,
				Data/API/API.swift,
				"Data/API/API+Errors.swift",
				"Data/API/API+Perform.swift",
				Data/API/APIProtocol.swift,
				Data/API/APIProvider.swift,
				Data/API/ETH/ETHAPI.swift,
				Data/API/ETH/ETHAPILegacy.swift,
				Data/API/ETH/ETHMensaAnswer.swift,
				Data/API/ETH/ETHMensaAnswerLegacy.swift,
				Data/API/UZH/UZHAPI.swift,
				Data/API/UZH/UZHMensaAnswer.swift,
				Data/CoreData/ClickCount.xcdatamodeld,
				Data/CoreData/ClickCountDBManager.swift,
				Data/CoreData/GeoCache.xcdatamodeld,
				Data/CoreData/GeoCacheDBManager.swift,
				Data/Enums/Allergen.swift,
				Data/Enums/AppReleaseType.swift,
				Data/Enums/MealType.swift,
				Data/Enums/MeatType.swift,
				Data/Enums/MensaCellType.swift,
				Data/Enums/MensaFilter.swift,
				Data/Enums/MensaShowType.swift,
				Data/Enums/OperatingSystemType.swift,
				Data/Enums/PriceType.swift,
				Data/Enums/SortType.swift,
				Data/Mensa/Campus.swift,
				Data/Mensa/Meal.swift,
				Data/Mensa/MealTime.swift,
				Data/Mensa/Mensa.swift,
				"Data/Mensa/Mensa+ClickCount.swift",
				"Data/Mensa/Mensa+Location.swift",
				"Data/Mensa/Mensa+OpeningTimes.swift",
				Data/Mensa/Price.swift,
				Extensions/ArrayExtension.swift,
				Extensions/BundleExtension.swift,
				Extensions/CalendarExtension.swift,
				Extensions/DateComponentsExtension.swift,
				Extensions/DateExtension.swift,
				Extensions/DateFormatterExtension.swift,
				Extensions/DoubleExtension.swift,
				Extensions/ImageResourceExtension.swift,
				Extensions/ProcessInfoExtension.swift,
				Extensions/StringExtension.swift,
				Extensions/URLExtension.swift,
				Logic/MensaDataManager.swift,
				Logic/NavigationManager.swift,
				Logic/NetworkManager.swift,
				Logic/SettingsManager.swift,
				"Logic/SettingsManager+LaunchAndMigrate.swift",
				Views/AppViewModifiers/VersionIncompatible.swift,
				Views/AppViewModifiers/VersionIncompatibleModifier.swift,
				Views/AppViewSheets.swift,
				Views/HelperViews/DebugView.swift,
				Views/HelperViews/SafariWebView.swift,
				Views/MainView/MensaCells/MensaCellHelperView/OpeningTimesCircle.swift,
				Views/ModalView/ModalAppView.swift,
				Views/ModalView/ModalButtonView.swift,
				Views/ModalView/ModalLabelView.swift,
				Views/ModalView/ModalViewModel.swift,
				Views/ModalView/ModalViewUI.swift,
				Views/SettingsView/AdvancedSettings/AdvancedSettingsAlertModifiers.swift,
				Views/SettingsView/AdvancedSettings/AdvancedSettingsView.swift,
				Views/SettingsView/AdvancedSettings/AdvancedSettingsViewModel.swift,
			);
			target = 2982AFA32AEC4FCC008B2B41 /* watchos */;
		};
		290E0EEF2E0ACFBB005E0BD4 /* PBXFileSystemSynchronizedBuildFileExceptionSet */ = {
			isa = PBXFileSystemSynchronizedBuildFileExceptionSet;
			membershipExceptions = (
				App/AppIcon.icon,
				App/Info.plist,
				AppIntents/Intents/FilterIntents.swift,
				AppIntents/Intents/OpenMensaIntent.swift,
				AppIntents/Intents/SearchIntent.swift,
				AppIntents/Intents/ShowLegiIntent.swift,
				AppIntents/MensaEntity.swift,
				"AppIntents/MensaEntity+IndexedEntity.swift",
				AppIntents/ShortcutsProvider.swift,
				"Extensions/Array+UIOnboardingFeatureExtension.swift",
				Logic/GeofencingManager.swift,
				"Logic/GeofencingManager+Location.swift",
				Views/AppViewModifiers/OnboardingHelper.swift,
				Views/AppViewModifiers/OnboardingModifier.swift,
				Views/AppViewModifiers/OnboardingView.swift,
				Views/AppViewModifiers/SKOverlayModifier.swift,
				Views/HelperViews/LegiView.swift,
			);
			target = 291C81DA2B5998BB00730BFD /* visionos */;
		};
		290E0EF02E0ACFBB005E0BD4 /* PBXFileSystemSynchronizedBuildFileExceptionSet */ = {
			isa = PBXFileSystemSynchronizedBuildFileExceptionSet;
			membershipExceptions = (
				App/Localizable.xcstrings,
				AppIntents/Intents/ShowLegiIntent.swift,
				Extensions/BundleExtension.swift,
				Extensions/StringExtension.swift,
				Logic/NavigationManager.swift,
				Views/AppViewSheets.swift,
				Views/HelperViews/LegiView.swift,
			);
			target = 29CEE1872D84301B00C6D257 /* widget */;
		};
/* End PBXFileSystemSynchronizedBuildFileExceptionSet section */

/* Begin PBXFileSystemSynchronizedRootGroup section */
		290E099C2E0ACF5C005E0BD4 /* TestFlight */ = {isa = PBXFileSystemSynchronizedRootGroup; exceptions = (290E09DC2E0ACF5C005E0BD4 /* PBXFileSystemSynchronizedBuildFileExceptionSet */, 290E09DD2E0ACF5C005E0BD4 /* PBXFileSystemSynchronizedBuildFileExceptionSet */, 290E09DE2E0ACF5C005E0BD4 /* PBXFileSystemSynchronizedBuildFileExceptionSet */, 290E09DF2E0ACF5C005E0BD4 /* PBXFileSystemSynchronizedBuildFileExceptionSet */, ); explicitFileTypes = {}; explicitFolders = (); path = TestFlight; sourceTree = "<group>"; };
		290E09B22E0ACF5C005E0BD4 /* widget */ = {isa = PBXFileSystemSynchronizedRootGroup; exceptions = (290E09DA2E0ACF5C005E0BD4 /* PBXFileSystemSynchronizedBuildFileExceptionSet */, ); explicitFileTypes = {}; explicitFolders = (); path = widget; sourceTree = "<group>"; };
		290E09B92E0ACF5C005E0BD4 /* clip */ = {isa = PBXFileSystemSynchronizedRootGroup; explicitFileTypes = {}; explicitFolders = (); path = clip; sourceTree = "<group>"; };
		290E09CC2E0ACF5C005E0BD4 /* watchos */ = {isa = PBXFileSystemSynchronizedRootGroup; exceptions = (290E09DB2E0ACF5C005E0BD4 /* PBXFileSystemSynchronizedBuildFileExceptionSet */, ); explicitFileTypes = {}; explicitFolders = (); path = watchos; sourceTree = "<group>"; };
		290E0D112E0ACFBA005E0BD4 /* ethmensa */ = {isa = PBXFileSystemSynchronizedRootGroup; exceptions = (290E0EEC2E0ACFBB005E0BD4 /* PBXFileSystemSynchronizedBuildFileExceptionSet */, 290E0EED2E0ACFBB005E0BD4 /* PBXFileSystemSynchronizedBuildFileExceptionSet */, 290E0EEE2E0ACFBB005E0BD4 /* PBXFileSystemSynchronizedBuildFileExceptionSet */, 290E0EEF2E0ACFBB005E0BD4 /* PBXFileSystemSynchronizedBuildFileExceptionSet */, 290E0EF02E0ACFBB005E0BD4 /* PBXFileSystemSynchronizedBuildFileExceptionSet */, ); explicitFileTypes = {}; explicitFolders = (); path = ethmensa; sourceTree = "<group>"; };
		29AF8EBE2F79540400F49EDF /* ci_scripts */ = {isa = PBXFileSystemSynchronizedRootGroup; explicitFileTypes = {}; explicitFolders = (); path = ci_scripts; sourceTree = "<group>"; };
/* End PBXFileSystemSynchronizedRootGroup section */

/* Begin PBXFrameworksBuildPhase section */
		291C81D82B5998BB00730BFD /* Frameworks */ = {
			isa = PBXFrameworksBuildPhase;
			buildActionMask = 2147483647;
			files = (
				2993149B2C8F4A990046D221 /* WhatsNewKit in Frameworks */,
				299730312BF2AF1400BB3A18 /* URLImage in Frameworks */,
			);
			runOnlyForDeploymentPostprocessing = 0;
		};
		294E16362A8E22C3000A3AB6 /* Frameworks */ = {
			isa = PBXFrameworksBuildPhase;
			buildActionMask = 2147483647;
			files = (
				299314992C8F4A8E0046D221 /* WhatsNewKit in Frameworks */,
				299730202BF2AE3500BB3A18 /* UIOnboarding in Frameworks */,
				2997302B2BF2AEC300BB3A18 /* URLImage in Frameworks */,
			);
			runOnlyForDeploymentPostprocessing = 0;
		};
		29550BD02AEADD550014F07F /* Frameworks */ = {
			isa = PBXFrameworksBuildPhase;
			buildActionMask = 2147483647;
			files = (
				2997302D2BF2AED000BB3A18 /* URLImage in Frameworks */,
			);
			runOnlyForDeploymentPostprocessing = 0;
		};
		2982AFA12AEC4FCC008B2B41 /* Frameworks */ = {
			isa = PBXFrameworksBuildPhase;
			buildActionMask = 2147483647;
			files = (
			);
			runOnlyForDeploymentPostprocessing = 0;
		};
		29CEE1852D84301B00C6D257 /* Frameworks */ = {
			isa = PBXFrameworksBuildPhase;
			buildActionMask = 2147483647;
			files = (
			);
			runOnlyForDeploymentPostprocessing = 0;
		};
/* End PBXFrameworksBuildPhase section */

/* Begin PBXGroup section */
		294E16302A8E22C3000A3AB6 = {
			isa = PBXGroup;
			children = (
				293CAF6E2D6DCFFD0066E9F8 /* .swiftlint.yml */,
				290E0D112E0ACFBA005E0BD4 /* ethmensa */,
				290E09B92E0ACF5C005E0BD4 /* clip */,
				290E09B22E0ACF5C005E0BD4 /* widget */,
				290E09CC2E0ACF5C005E0BD4 /* watchos */,
				290E099C2E0ACF5C005E0BD4 /* TestFlight */,
				29AF8EBE2F79540400F49EDF /* ci_scripts */,
				294E163A2A8E22C3000A3AB6 /* Products */,
			);
			sourceTree = "<group>";
		};
		294E163A2A8E22C3000A3AB6 /* Products */ = {
			isa = PBXGroup;
			children = (
				294E16392A8E22C3000A3AB6 /* ETH Mensa.app */,
				29550BD32AEADD550014F07F /* ETH Mensa Clip.app */,
				2982AFA42AEC4FCC008B2B41 /* ETH Mensa watchOS.app */,
				291C81DB2B5998BB00730BFD /* ETH Mensa visionOS.app */,
				29CEE1882D84301B00C6D257 /* widget.appex */,
			);
			name = Products;
			sourceTree = "<group>";
		};
/* End PBXGroup section */

/* Begin PBXNativeTarget section */
		291C81DA2B5998BB00730BFD /* visionos */ = {
			isa = PBXNativeTarget;
			buildConfigurationList = 291C81EA2B5998BC00730BFD /* Build configuration list for PBXNativeTarget "visionos" */;
			buildPhases = (
				291C81D72B5998BB00730BFD /* Sources */,
				291C81D82B5998BB00730BFD /* Frameworks */,
				291C81D92B5998BB00730BFD /* Resources */,
				297765A42B753FFB00C312C5 /* ShellScript */,
			);
			buildRules = (
			);
			dependencies = (
			);
			fileSystemSynchronizedGroups = (
				290E099C2E0ACF5C005E0BD4 /* TestFlight */,
				290E0D112E0ACFBA005E0BD4 /* ethmensa */,
			);
			name = visionos;
			packageProductDependencies = (
				299730302BF2AF1400BB3A18 /* URLImage */,
				2993149A2C8F4A990046D221 /* WhatsNewKit */,
			);
			productName = visionos;
			productReference = 291C81DB2B5998BB00730BFD /* ETH Mensa visionOS.app */;
			productType = "com.apple.product-type.application";
		};
		294E16382A8E22C3000A3AB6 /* ethmensa */ = {
			isa = PBXNativeTarget;
			buildConfigurationList = 294E16482A8E22C6000A3AB6 /* Build configuration list for PBXNativeTarget "ethmensa" */;
			buildPhases = (
				294E16352A8E22C3000A3AB6 /* Sources */,
				294E16362A8E22C3000A3AB6 /* Frameworks */,
				294E16372A8E22C3000A3AB6 /* Resources */,
				293551F52AEAC88E00A93D09 /* Embed Foundation Extensions */,
				29550BE62AEADD560014F07F /* Embed App Clips */,
				29E53F9C2AED5D4500BCDB65 /* Embed Watch Content */,
				2983B3C02B1B71FF00C013C7 /* Run Script */,
			);
			buildRules = (
			);
			dependencies = (
				29550BE12AEADD560014F07F /* PBXTargetDependency */,
				29E53F9B2AED5D4500BCDB65 /* PBXTargetDependency */,
				29CEE1992D84301C00C6D257 /* PBXTargetDependency */,
			);
			fileSystemSynchronizedGroups = (
				290E099C2E0ACF5C005E0BD4 /* TestFlight */,
				290E0D112E0ACFBA005E0BD4 /* ethmensa */,
			);
			name = ethmensa;
			packageProductDependencies = (
				2997301F2BF2AE3500BB3A18 /* UIOnboarding */,
				2997302A2BF2AEC300BB3A18 /* URLImage */,
				299314982C8F4A8E0046D221 /* WhatsNewKit */,
			);
			productName = ethmensa;
			productReference = 294E16392A8E22C3000A3AB6 /* ETH Mensa.app */;
			productType = "com.apple.product-type.application";
		};
		29550BD22AEADD550014F07F /* clip */ = {
			isa = PBXNativeTarget;
			buildConfigurationList = 29550BE32AEADD560014F07F /* Build configuration list for PBXNativeTarget "clip" */;
			buildPhases = (
				29550BCF2AEADD550014F07F /* Sources */,
				29550BD02AEADD550014F07F /* Frameworks */,
				29550BD12AEADD550014F07F /* Resources */,
			);
			buildRules = (
			);
			dependencies = (
			);
			fileSystemSynchronizedGroups = (
				290E099C2E0ACF5C005E0BD4 /* TestFlight */,
				290E0D112E0ACFBA005E0BD4 /* ethmensa */,
			);
			name = clip;
			packageProductDependencies = (
				2997302C2BF2AED000BB3A18 /* URLImage */,
			);
			productName = Clip;
			productReference = 29550BD32AEADD550014F07F /* ETH Mensa Clip.app */;
			productType = "com.apple.product-type.application.on-demand-install-capable";
		};
		2982AFA32AEC4FCC008B2B41 /* watchos */ = {
			isa = PBXNativeTarget;
			buildConfigurationList = 2982AFB22AEC4FCD008B2B41 /* Build configuration list for PBXNativeTarget "watchos" */;
			buildPhases = (
				2982AFA02AEC4FCC008B2B41 /* Sources */,
				2982AFA12AEC4FCC008B2B41 /* Frameworks */,
				2982AFA22AEC4FCC008B2B41 /* Resources */,
				293910F92B1F639B00C96FDA /* ShellScript */,
			);
			buildRules = (
			);
			dependencies = (
			);
			fileSystemSynchronizedGroups = (
				290E099C2E0ACF5C005E0BD4 /* TestFlight */,
				290E09CC2E0ACF5C005E0BD4 /* watchos */,
			);
			name = watchos;
			packageProductDependencies = (
			);
			productName = "watchos Watch App";
			productReference = 2982AFA42AEC4FCC008B2B41 /* ETH Mensa watchOS.app */;
			productType = "com.apple.product-type.application";
		};
		29CEE1872D84301B00C6D257 /* widget */ = {
			isa = PBXNativeTarget;
			buildConfigurationList = 29CEE19D2D84301C00C6D257 /* Build configuration list for PBXNativeTarget "widget" */;
			buildPhases = (
				29CEE1842D84301B00C6D257 /* Sources */,
				29CEE1852D84301B00C6D257 /* Frameworks */,
				29CEE1862D84301B00C6D257 /* Resources */,
			);
			buildRules = (
			);
			dependencies = (
			);
			fileSystemSynchronizedGroups = (
				290E09B22E0ACF5C005E0BD4 /* widget */,
			);
			name = widget;
			packageProductDependencies = (
			);
			productName = widgetExtension;
			productReference = 29CEE1882D84301B00C6D257 /* widget.appex */;
			productType = "com.apple.product-type.app-extension";
		};
/* End PBXNativeTarget section */

/* Begin PBXProject section */
		294E16312A8E22C3000A3AB6 /* Project object */ = {
			isa = PBXProject;
			attributes = {
				BuildIndependentTargetsInParallel = 1;
				LastSwiftUpdateCheck = 1620;
				LastUpgradeCheck = 2620;
				TargetAttributes = {
					291C81DA2B5998BB00730BFD = {
						CreatedOnToolsVersion = 15.2;
					};
					294E16382A8E22C3000A3AB6 = {
						CreatedOnToolsVersion = 15.0;
					};
					29550BD22AEADD550014F07F = {
						CreatedOnToolsVersion = 15.0.1;
					};
					2982AFA32AEC4FCC008B2B41 = {
						CreatedOnToolsVersion = 15.0.1;
					};
					29CEE1872D84301B00C6D257 = {
						CreatedOnToolsVersion = 16.2;
					};
				};
			};
			buildConfigurationList = 294E16342A8E22C3000A3AB6 /* Build configuration list for PBXProject "ethmensa" */;
			compatibilityVersion = "Xcode 14.0";
			developmentRegion = en;
			hasScannedForEncodings = 0;
			knownRegions = (
				en,
				Base,
				de,
				fr,
				it,
			);
			mainGroup = 294E16302A8E22C3000A3AB6;
			packageReferences = (
				2997301E2BF2AE3500BB3A18 /* XCRemoteSwiftPackageReference "UIOnboarding" */,
				299730292BF2AE9C00BB3A18 /* XCRemoteSwiftPackageReference "url-image" */,
				299314972C8F4A8E0046D221 /* XCRemoteSwiftPackageReference "WhatsNewKit" */,
				29AF8EBC2F7953DE00F49EDF /* XCRemoteSwiftPackageReference "SwiftLintPlugins" */,
			);
			productRefGroup = 294E163A2A8E22C3000A3AB6 /* Products */;
			projectDirPath = "";
			projectRoot = "";
			targets = (
				294E16382A8E22C3000A3AB6 /* ethmensa */,
				29550BD22AEADD550014F07F /* clip */,
				2982AFA32AEC4FCC008B2B41 /* watchos */,
				291C81DA2B5998BB00730BFD /* visionos */,
				29CEE1872D84301B00C6D257 /* widget */,
			);
		};
/* End PBXProject section */

/* Begin PBXResourcesBuildPhase section */
		291C81D92B5998BB00730BFD /* Resources */ = {
			isa = PBXResourcesBuildPhase;
			buildActionMask = 2147483647;
			files = (
			);
			runOnlyForDeploymentPostprocessing = 0;
		};
		294E16372A8E22C3000A3AB6 /* Resources */ = {
			isa = PBXResourcesBuildPhase;
			buildActionMask = 2147483647;
			files = (
			);
			runOnlyForDeploymentPostprocessing = 0;
		};
		29550BD12AEADD550014F07F /* Resources */ = {
			isa = PBXResourcesBuildPhase;
			buildActionMask = 2147483647;
			files = (
			);
			runOnlyForDeploymentPostprocessing = 0;
		};
		2982AFA22AEC4FCC008B2B41 /* Resources */ = {
			isa = PBXResourcesBuildPhase;
			buildActionMask = 2147483647;
			files = (
			);
			runOnlyForDeploymentPostprocessing = 0;
		};
		29CEE1862D84301B00C6D257 /* Resources */ = {
			isa = PBXResourcesBuildPhase;
			buildActionMask = 2147483647;
			files = (
			);
			runOnlyForDeploymentPostprocessing = 0;
		};
/* End PBXResourcesBuildPhase section */

/* Begin PBXShellScriptBuildPhase section */
		293910F92B1F639B00C96FDA /* ShellScript */ = {
			isa = PBXShellScriptBuildPhase;
			alwaysOutOfDate = 1;
			buildActionMask = 2147483647;
			files = (
			);
			inputFileListPaths = (
			);
			inputPaths = (
			);
			outputFileListPaths = (
			);
			outputPaths = (
			);
			runOnlyForDeploymentPostprocessing = 0;
			shellPath = /bin/sh;
			shellScript = "if [[ \"$(uname -m)\" == arm64 ]]; then\n    export PATH=\"/opt/homebrew/bin:$PATH\"\nfi\nif which swiftlint > /dev/null; then\n  swiftlint\nfi\n";
		};
		297765A42B753FFB00C312C5 /* ShellScript */ = {
			isa = PBXShellScriptBuildPhase;
			alwaysOutOfDate = 1;
			buildActionMask = 2147483647;
			files = (
			);
			inputFileListPaths = (
			);
			inputPaths = (
			);
			outputFileListPaths = (
			);
			outputPaths = (
			);
			runOnlyForDeploymentPostprocessing = 0;
			shellPath = /bin/sh;
			shellScript = "if [[ \"$(uname -m)\" == arm64 ]]; then\n    export PATH=\"/opt/homebrew/bin:$PATH\"\nfi\nif which swiftlint > /dev/null; then\n  swiftlint\nfi\n";
		};
		2983B3C02B1B71FF00C013C7 /* Run Script */ = {
			isa = PBXShellScriptBuildPhase;
			alwaysOutOfDate = 1;
			buildActionMask = 2147483647;
			files = (
			);
			inputFileListPaths = (
			);
			inputPaths = (
			);
			name = "Run Script";
			outputFileListPaths = (
			);
			outputPaths = (
			);
			runOnlyForDeploymentPostprocessing = 0;
			shellPath = /bin/sh;
			shellScript = "if [[ \"$(uname -m)\" == arm64 ]]; then\n    export PATH=\"/opt/homebrew/bin:$PATH\"\nfi\nif which swiftlint > /dev/null; then\n  swiftlint --fix && swiftlint\nfi\n";
		};
/* End PBXShellScriptBuildPhase section */

/* Begin PBXSourcesBuildPhase section */
		291C81D72B5998BB00730BFD /* Sources */ = {
			isa = PBXSourcesBuildPhase;
			buildActionMask = 2147483647;
			files = (
			);
			runOnlyForDeploymentPostprocessing = 0;
		};
		294E16352A8E22C3000A3AB6 /* Sources */ = {
			isa = PBXSourcesBuildPhase;
			buildActionMask = 2147483647;
			files = (
			);
			runOnlyForDeploymentPostprocessing = 0;
		};
		29550BCF2AEADD550014F07F /* Sources */ = {
			isa = PBXSourcesBuildPhase;
			buildActionMask = 2147483647;
			files = (
			);
			runOnlyForDeploymentPostprocessing = 0;
		};
		2982AFA02AEC4FCC008B2B41 /* Sources */ = {
			isa = PBXSourcesBuildPhase;
			buildActionMask = 2147483647;
			files = (
			);
			runOnlyForDeploymentPostprocessing = 0;
		};
		29CEE1842D84301B00C6D257 /* Sources */ = {
			isa = PBXSourcesBuildPhase;
			buildActionMask = 2147483647;
			files = (
			);
			runOnlyForDeploymentPostprocessing = 0;
		};
/* End PBXSourcesBuildPhase section */

/* Begin PBXTargetDependency section */
		29550BE12AEADD560014F07F /* PBXTargetDependency */ = {
			isa = PBXTargetDependency;
			platformFilter = ios;
			target = 29550BD22AEADD550014F07F /* clip */;
			targetProxy = 29550BE02AEADD560014F07F /* PBXContainerItemProxy */;
		};
		29CEE1992D84301C00C6D257 /* PBXTargetDependency */ = {
			isa = PBXTargetDependency;
			platformFilter = ios;
			target = 29CEE1872D84301B00C6D257 /* widget */;
			targetProxy = 29CEE1982D84301C00C6D257 /* PBXContainerItemProxy */;
		};
		29E53F9B2AED5D4500BCDB65 /* PBXTargetDependency */ = {
			isa = PBXTargetDependency;
			platformFilter = ios;
			target = 2982AFA32AEC4FCC008B2B41 /* watchos */;
			targetProxy = 29E53F9A2AED5D4500BCDB65 /* PBXContainerItemProxy */;
		};
/* End PBXTargetDependency section */

/* Begin XCBuildConfiguration section */
		291C81EB2B5998BC00730BFD /* Debug */ = {
			isa = XCBuildConfiguration;
			buildSettings = {
				ASSETCATALOG_COMPILER_APPICON_NAME = AppIcon;
				ASSETCATALOG_COMPILER_GLOBAL_ACCENT_COLOR_NAME = AccentColor;
				CODE_SIGN_ENTITLEMENTS = ethmensa/App/visionos.entitlements;
				CODE_SIGN_STYLE = Automatic;
				CURRENT_PROJECT_VERSION = 1;
				ENABLE_PREVIEWS = YES;
				ENABLE_USER_SCRIPT_SANDBOXING = NO;
				GENERATE_INFOPLIST_FILE = YES;
				INFOPLIST_FILE = ethmensa/App/Info.plist;
				INFOPLIST_KEY_CFBundleDisplayName = "ETH Mensa";
				INFOPLIST_KEY_ITSAppUsesNonExemptEncryption = NO;
				INFOPLIST_KEY_LSApplicationCategoryType = "public.app-category.food-and-drink";
				LD_RUNPATH_SEARCH_PATHS = (
					"$(inherited)",
					"@executable_path/Frameworks",
				);
				MARKETING_VERSION = 6.15;
				PRODUCT_BUNDLE_IDENTIFIER = ch.alexandrereol.ethmensa;
				PRODUCT_NAME = "ETH Mensa";
				SDKROOT = xros;
				SUPPORTED_PLATFORMS = "xros xrsimulator";
				SWIFT_EMIT_LOC_STRINGS = YES;
				SWIFT_VERSION = 5.0;
				TARGETED_DEVICE_FAMILY = "1,2,7";
				XROS_DEPLOYMENT_TARGET = 1.0;
			};
			name = Debug;
		};
		291C81EC2B5998BC00730BFD /* Release */ = {
			isa = XCBuildConfiguration;
			buildSettings = {
				ASSETCATALOG_COMPILER_APPICON_NAME = AppIcon;
				ASSETCATALOG_COMPILER_GLOBAL_ACCENT_COLOR_NAME = AccentColor;
				CODE_SIGN_ENTITLEMENTS = ethmensa/App/visionos.entitlements;
				CODE_SIGN_STYLE = Automatic;
				CURRENT_PROJECT_VERSION = 1;
				ENABLE_PREVIEWS = YES;
				ENABLE_USER_SCRIPT_SANDBOXING = NO;
				GENERATE_INFOPLIST_FILE = YES;
				INFOPLIST_FILE = ethmensa/App/Info.plist;
				INFOPLIST_KEY_CFBundleDisplayName = "ETH Mensa";
				INFOPLIST_KEY_ITSAppUsesNonExemptEncryption = NO;
				INFOPLIST_KEY_LSApplicationCategoryType = "public.app-category.food-and-drink";
				LD_RUNPATH_SEARCH_PATHS = (
					"$(inherited)",
					"@executable_path/Frameworks",
				);
				MARKETING_VERSION = 6.15;
				PRODUCT_BUNDLE_IDENTIFIER = ch.alexandrereol.ethmensa;
				PRODUCT_NAME = "ETH Mensa";
				SDKROOT = xros;
				SUPPORTED_PLATFORMS = "xros xrsimulator";
				SWIFT_EMIT_LOC_STRINGS = YES;
				SWIFT_VERSION = 5.0;
				TARGETED_DEVICE_FAMILY = "1,2,7";
				VALIDATE_PRODUCT = YES;
				XROS_DEPLOYMENT_TARGET = 1.0;
			};
			name = Release;
		};
		294E16462A8E22C6000A3AB6 /* Debug */ = {
			isa = XCBuildConfiguration;
			buildSettings = {
				ALWAYS_SEARCH_USER_PATHS = NO;
				ASSETCATALOG_COMPILER_GENERATE_SWIFT_ASSET_SYMBOL_EXTENSIONS = YES;
				CLANG_ANALYZER_LOCALIZABILITY_NONLOCALIZED = YES;
				CLANG_ANALYZER_NONNULL = YES;
				CLANG_ANALYZER_NUMBER_OBJECT_CONVERSION = YES_AGGRESSIVE;
				CLANG_CXX_LANGUAGE_STANDARD = "gnu++20";
				CLANG_ENABLE_MODULES = YES;
				CLANG_ENABLE_OBJC_ARC = YES;
				CLANG_ENABLE_OBJC_WEAK = YES;
				CLANG_WARN_BLOCK_CAPTURE_AUTORELEASING = YES;
				CLANG_WARN_BOOL_CONVERSION = YES;
				CLANG_WARN_COMMA = YES;
				CLANG_WARN_CONSTANT_CONVERSION = YES;
				CLANG_WARN_DEPRECATED_OBJC_IMPLEMENTATIONS = YES;
				CLANG_WARN_DIRECT_OBJC_ISA_USAGE = YES_ERROR;
				CLANG_WARN_DOCUMENTATION_COMMENTS = YES;
				CLANG_WARN_EMPTY_BODY = YES;
				CLANG_WARN_ENUM_CONVERSION = YES;
				CLANG_WARN_INFINITE_RECURSION = YES;
				CLANG_WARN_INT_CONVERSION = YES;
				CLANG_WARN_NON_LITERAL_NULL_CONVERSION = YES;
				CLANG_WARN_OBJC_IMPLICIT_RETAIN_SELF = YES;
				CLANG_WARN_OBJC_LITERAL_CONVERSION = YES;
				CLANG_WARN_OBJC_ROOT_CLASS = YES_ERROR;
				CLANG_WARN_QUOTED_INCLUDE_IN_FRAMEWORK_HEADER = YES;
				CLANG_WARN_RANGE_LOOP_ANALYSIS = YES;
				CLANG_WARN_STRICT_PROTOTYPES = YES;
				CLANG_WARN_SUSPICIOUS_MOVE = YES;
				CLANG_WARN_UNGUARDED_AVAILABILITY = YES_AGGRESSIVE;
				CLANG_WARN_UNREACHABLE_CODE = YES;
				CLANG_WARN__DUPLICATE_METHOD_MATCH = YES;
				COPY_PHASE_STRIP = NO;
				CURRENT_PROJECT_VERSION = "";
				DEAD_CODE_STRIPPING = YES;
				DEBUG_INFORMATION_FORMAT = dwarf;
				DEVELOPMENT_TEAM = Z6384MH549;
				ENABLE_STRICT_OBJC_MSGSEND = YES;
				ENABLE_TESTABILITY = YES;
				ENABLE_USER_SCRIPT_SANDBOXING = NO;
				GCC_C_LANGUAGE_STANDARD = gnu17;
				GCC_DYNAMIC_NO_PIC = NO;
				GCC_NO_COMMON_BLOCKS = YES;
				GCC_OPTIMIZATION_LEVEL = 0;
				GCC_PREPROCESSOR_DEFINITIONS = (
					"DEBUG=1",
					"$(inherited)",
				);
				GCC_WARN_64_TO_32_BIT_CONVERSION = YES;
				GCC_WARN_ABOUT_RETURN_TYPE = YES_ERROR;
				GCC_WARN_UNDECLARED_SELECTOR = YES;
				GCC_WARN_UNINITIALIZED_AUTOS = YES_AGGRESSIVE;
				GCC_WARN_UNUSED_FUNCTION = YES;
				GCC_WARN_UNUSED_VARIABLE = YES;
				INFOPLIST_KEY_ITSAppUsesNonExemptEncryption = NO;
				IPHONEOS_DEPLOYMENT_TARGET = 16.0;
				LOCALIZATION_PREFERS_STRING_CATALOGS = YES;
				MACOSX_DEPLOYMENT_TARGET = 13.0;
				MTL_ENABLE_DEBUG_INFO = INCLUDE_SOURCE;
				MTL_FAST_MATH = YES;
				ONLY_ACTIVE_ARCH = YES;
				STRING_CATALOG_GENERATE_SYMBOLS = YES;
				SWIFT_ACTIVE_COMPILATION_CONDITIONS = "DEBUG $(inherited)";
				SWIFT_EMIT_LOC_STRINGS = YES;
				SWIFT_OPTIMIZATION_LEVEL = "-Onone";
				WATCHOS_DEPLOYMENT_TARGET = 10.0;
				XROS_DEPLOYMENT_TARGET = 1.0;
			};
			name = Debug;
		};
		294E16472A8E22C6000A3AB6 /* Release */ = {
			isa = XCBuildConfiguration;
			buildSettings = {
				ALWAYS_SEARCH_USER_PATHS = NO;
				ASSETCATALOG_COMPILER_GENERATE_SWIFT_ASSET_SYMBOL_EXTENSIONS = YES;
				CLANG_ANALYZER_LOCALIZABILITY_NONLOCALIZED = YES;
				CLANG_ANALYZER_NONNULL = YES;
				CLANG_ANALYZER_NUMBER_OBJECT_CONVERSION = YES_AGGRESSIVE;
				CLANG_CXX_LANGUAGE_STANDARD = "gnu++20";
				CLANG_ENABLE_MODULES = YES;
				CLANG_ENABLE_OBJC_ARC = YES;
				CLANG_ENABLE_OBJC_WEAK = YES;
				CLANG_WARN_BLOCK_CAPTURE_AUTORELEASING = YES;
				CLANG_WARN_BOOL_CONVERSION = YES;
				CLANG_WARN_COMMA = YES;
				CLANG_WARN_CONSTANT_CONVERSION = YES;
				CLANG_WARN_DEPRECATED_OBJC_IMPLEMENTATIONS = YES;
				CLANG_WARN_DIRECT_OBJC_ISA_USAGE = YES_ERROR;
				CLANG_WARN_DOCUMENTATION_COMMENTS = YES;
				CLANG_WARN_EMPTY_BODY = YES;
				CLANG_WARN_ENUM_CONVERSION = YES;
				CLANG_WARN_INFINITE_RECURSION = YES;
				CLANG_WARN_INT_CONVERSION = YES;
				CLANG_WARN_NON_LITERAL_NULL_CONVERSION = YES;
				CLANG_WARN_OBJC_IMPLICIT_RETAIN_SELF = YES;
				CLANG_WARN_OBJC_LITERAL_CONVERSION = YES;
				CLANG_WARN_OBJC_ROOT_CLASS = YES_ERROR;
				CLANG_WARN_QUOTED_INCLUDE_IN_FRAMEWORK_HEADER = YES;
				CLANG_WARN_RANGE_LOOP_ANALYSIS = YES;
				CLANG_WARN_STRICT_PROTOTYPES = YES;
				CLANG_WARN_SUSPICIOUS_MOVE = YES;
				CLANG_WARN_UNGUARDED_AVAILABILITY = YES_AGGRESSIVE;
				CLANG_WARN_UNREACHABLE_CODE = YES;
				CLANG_WARN__DUPLICATE_METHOD_MATCH = YES;
				COPY_PHASE_STRIP = NO;
				CURRENT_PROJECT_VERSION = "";
				DEAD_CODE_STRIPPING = YES;
				DEBUG_INFORMATION_FORMAT = "dwarf-with-dsym";
				DEVELOPMENT_TEAM = Z6384MH549;
				ENABLE_NS_ASSERTIONS = NO;
				ENABLE_STRICT_OBJC_MSGSEND = YES;
				ENABLE_USER_SCRIPT_SANDBOXING = NO;
				GCC_C_LANGUAGE_STANDARD = gnu17;
				GCC_NO_COMMON_BLOCKS = YES;
				GCC_WARN_64_TO_32_BIT_CONVERSION = YES;
				GCC_WARN_ABOUT_RETURN_TYPE = YES_ERROR;
				GCC_WARN_UNDECLARED_SELECTOR = YES;
				GCC_WARN_UNINITIALIZED_AUTOS = YES_AGGRESSIVE;
				GCC_WARN_UNUSED_FUNCTION = YES;
				GCC_WARN_UNUSED_VARIABLE = YES;
				INFOPLIST_KEY_ITSAppUsesNonExemptEncryption = NO;
				IPHONEOS_DEPLOYMENT_TARGET = 16.0;
				LOCALIZATION_PREFERS_STRING_CATALOGS = YES;
				MACOSX_DEPLOYMENT_TARGET = 13.0;
				MTL_ENABLE_DEBUG_INFO = NO;
				MTL_FAST_MATH = YES;
				STRING_CATALOG_GENERATE_SYMBOLS = YES;
				SWIFT_COMPILATION_MODE = wholemodule;
				SWIFT_EMIT_LOC_STRINGS = YES;
				WATCHOS_DEPLOYMENT_TARGET = 10.0;
				XROS_DEPLOYMENT_TARGET = 1.0;
			};
			name = Release;
		};
		294E16492A8E22C6000A3AB6 /* Debug */ = {
			isa = XCBuildConfiguration;
			buildSettings = {
				ASSETCATALOG_COMPILER_APPICON_NAME = AppIcon;
				ASSETCATALOG_COMPILER_GLOBAL_ACCENT_COLOR_NAME = AccentColor;
				CODE_SIGN_ENTITLEMENTS = ethmensa/App/ethmensa.entitlements;
				CODE_SIGN_STYLE = Automatic;
				CURRENT_PROJECT_VERSION = 1;
				DEAD_CODE_STRIPPING = YES;
				DEVELOPMENT_ASSET_PATHS = "";
				ENABLE_APP_SANDBOX = YES;
				ENABLE_HARDENED_RUNTIME = YES;
				ENABLE_OUTGOING_NETWORK_CONNECTIONS = YES;
				ENABLE_PREVIEWS = YES;
				ENABLE_RESOURCE_ACCESS_LOCATION = YES;
				GENERATE_INFOPLIST_FILE = YES;
				INFOPLIST_FILE = ethmensa/App/Info.plist;
				INFOPLIST_KEY_CFBundleDisplayName = "ETH Mensa";
				INFOPLIST_KEY_ITSAppUsesNonExemptEncryption = NO;
				INFOPLIST_KEY_LSApplicationCategoryType = "public.app-category.food-and-drink";
				INFOPLIST_KEY_NSLocationAlwaysAndWhenInUseUsageDescription = "Location is used for geofencing your device to nearby university buildings to send notifications.";
				INFOPLIST_KEY_NSLocationUsageDescription = "Location is used for geofencing your device to nearby university buildings to send notifications.";
				INFOPLIST_KEY_NSLocationWhenInUseUsageDescription = "Location is used for geofencing your device to nearby university buildings to send notifications.";
				"INFOPLIST_KEY_UIApplicationSceneManifest_Generation[sdk=iphoneos*]" = YES;
				"INFOPLIST_KEY_UIApplicationSceneManifest_Generation[sdk=iphonesimulator*]" = YES;
				"INFOPLIST_KEY_UIApplicationSupportsIndirectInputEvents[sdk=iphoneos*]" = YES;
				"INFOPLIST_KEY_UIApplicationSupportsIndirectInputEvents[sdk=iphonesimulator*]" = YES;
				"INFOPLIST_KEY_UILaunchScreen_Generation[sdk=iphoneos*]" = YES;
				"INFOPLIST_KEY_UILaunchScreen_Generation[sdk=iphonesimulator*]" = YES;
				"INFOPLIST_KEY_UIStatusBarStyle[sdk=iphoneos*]" = UIStatusBarStyleDefault;
				"INFOPLIST_KEY_UIStatusBarStyle[sdk=iphonesimulator*]" = UIStatusBarStyleDefault;
				INFOPLIST_KEY_UISupportedInterfaceOrientations = UIInterfaceOrientationPortrait;
				INFOPLIST_KEY_UISupportedInterfaceOrientations_iPad = "UIInterfaceOrientationLandscapeLeft UIInterfaceOrientationLandscapeRight UIInterfaceOrientationPortrait UIInterfaceOrientationPortraitUpsideDown";
				IPHONEOS_DEPLOYMENT_TARGET = 16.0;
				LD_RUNPATH_SEARCH_PATHS = "@executable_path/Frameworks";
				"LD_RUNPATH_SEARCH_PATHS[sdk=macosx*]" = "@executable_path/../Frameworks";
				MACOSX_DEPLOYMENT_TARGET = 13.0;
				MARKETING_VERSION = 6.15;
				PRODUCT_BUNDLE_IDENTIFIER = ch.alexandrereol.ethmensa;
				PRODUCT_NAME = "ETH Mensa";
				SDKROOT = auto;
				SUPPORTED_PLATFORMS = "iphoneos iphonesimulator";
				SUPPORTS_MACCATALYST = YES;
				SWIFT_ACTIVE_COMPILATION_CONDITIONS = DEBUG;
				SWIFT_EMIT_LOC_STRINGS = YES;
				SWIFT_VERSION = 5.0;
				TARGETED_DEVICE_FAMILY = "1,2";
			};
			name = Debug;
		};
		294E164A2A8E22C6000A3AB6 /* Release */ = {
			isa = XCBuildConfiguration;
			buildSettings = {
				ASSETCATALOG_COMPILER_APPICON_NAME = AppIcon;
				ASSETCATALOG_COMPILER_GLOBAL_ACCENT_COLOR_NAME = AccentColor;
				CODE_SIGN_ENTITLEMENTS = ethmensa/App/ethmensa.entitlements;
				CODE_SIGN_STYLE = Automatic;
				CURRENT_PROJECT_VERSION = 1;
				DEAD_CODE_STRIPPING = YES;
				DEVELOPMENT_ASSET_PATHS = "";
				ENABLE_APP_SANDBOX = YES;
				ENABLE_HARDENED_RUNTIME = YES;
				ENABLE_OUTGOING_NETWORK_CONNECTIONS = YES;
				ENABLE_PREVIEWS = YES;
				ENABLE_RESOURCE_ACCESS_LOCATION = YES;
				GENERATE_INFOPLIST_FILE = YES;
				INFOPLIST_FILE = ethmensa/App/Info.plist;
				INFOPLIST_KEY_CFBundleDisplayName = "ETH Mensa";
				INFOPLIST_KEY_ITSAppUsesNonExemptEncryption = NO;
				INFOPLIST_KEY_LSApplicationCategoryType = "public.app-category.food-and-drink";
				INFOPLIST_KEY_NSLocationAlwaysAndWhenInUseUsageDescription = "Location is used for geofencing your device to nearby university buildings to send notifications.";
				INFOPLIST_KEY_NSLocationUsageDescription = "Location is used for geofencing your device to nearby university buildings to send notifications.";
				INFOPLIST_KEY_NSLocationWhenInUseUsageDescription = "Location is used for geofencing your device to nearby university buildings to send notifications.";
				"INFOPLIST_KEY_UIApplicationSceneManifest_Generation[sdk=iphoneos*]" = YES;
				"INFOPLIST_KEY_UIApplicationSceneManifest_Generation[sdk=iphonesimulator*]" = YES;
				"INFOPLIST_KEY_UIApplicationSupportsIndirectInputEvents[sdk=iphoneos*]" = YES;
				"INFOPLIST_KEY_UIApplicationSupportsIndirectInputEvents[sdk=iphonesimulator*]" = YES;
				"INFOPLIST_KEY_UILaunchScreen_Generation[sdk=iphoneos*]" = YES;
				"INFOPLIST_KEY_UILaunchScreen_Generation[sdk=iphonesimulator*]" = YES;
				"INFOPLIST_KEY_UIStatusBarStyle[sdk=iphoneos*]" = UIStatusBarStyleDefault;
				"INFOPLIST_KEY_UIStatusBarStyle[sdk=iphonesimulator*]" = UIStatusBarStyleDefault;
				INFOPLIST_KEY_UISupportedInterfaceOrientations = UIInterfaceOrientationPortrait;
				INFOPLIST_KEY_UISupportedInterfaceOrientations_iPad = "UIInterfaceOrientationLandscapeLeft UIInterfaceOrientationLandscapeRight UIInterfaceOrientationPortrait UIInterfaceOrientationPortraitUpsideDown";
				IPHONEOS_DEPLOYMENT_TARGET = 16.0;
				LD_RUNPATH_SEARCH_PATHS = "@executable_path/Frameworks";
				"LD_RUNPATH_SEARCH_PATHS[sdk=macosx*]" = "@executable_path/../Frameworks";
				MACOSX_DEPLOYMENT_TARGET = 13.0;
				MARKETING_VERSION = 6.15;
				PRODUCT_BUNDLE_IDENTIFIER = ch.alexandrereol.ethmensa;
				PRODUCT_NAME = "ETH Mensa";
				SDKROOT = auto;
				SUPPORTED_PLATFORMS = "iphoneos iphonesimulator";
				SUPPORTS_MACCATALYST = YES;
				SWIFT_ACTIVE_COMPILATION_CONDITIONS = "";
				SWIFT_EMIT_LOC_STRINGS = YES;
				SWIFT_VERSION = 5.0;
				TARGETED_DEVICE_FAMILY = "1,2";
			};
			name = Release;
		};
		29550BE42AEADD560014F07F /* Debug */ = {
			isa = XCBuildConfiguration;
			buildSettings = {
				ASSETCATALOG_COMPILER_APPICON_NAME = AppIcon;
				ASSETCATALOG_COMPILER_GLOBAL_ACCENT_COLOR_NAME = AccentColor;
				CODE_SIGN_ENTITLEMENTS = clip/Clip.entitlements;
				CODE_SIGN_STYLE = Automatic;
				CURRENT_PROJECT_VERSION = 1;
				ENABLE_APP_SANDBOX = YES;
				ENABLE_OUTGOING_NETWORK_CONNECTIONS = YES;
				ENABLE_PREVIEWS = YES;
				GENERATE_INFOPLIST_FILE = YES;
				INFOPLIST_FILE = clip/Info.plist;
				INFOPLIST_KEY_CFBundleDisplayName = "ETH Mensa";
				INFOPLIST_KEY_ITSAppUsesNonExemptEncryption = NO;
				INFOPLIST_KEY_LSApplicationCategoryType = "public.app-category.food-and-drink";
				INFOPLIST_KEY_UIApplicationSceneManifest_Generation = YES;
				INFOPLIST_KEY_UIApplicationSupportsIndirectInputEvents = YES;
				INFOPLIST_KEY_UILaunchScreen_Generation = YES;
				INFOPLIST_KEY_UISupportedInterfaceOrientations = UIInterfaceOrientationPortrait;
				INFOPLIST_KEY_UISupportedInterfaceOrientations_iPad = "UIInterfaceOrientationLandscapeLeft UIInterfaceOrientationLandscapeRight UIInterfaceOrientationPortrait UIInterfaceOrientationPortraitUpsideDown";
				IPHONEOS_DEPLOYMENT_TARGET = 16.0;
				LD_RUNPATH_SEARCH_PATHS = (
					"$(inherited)",
					"@executable_path/Frameworks",
				);
				MARKETING_VERSION = 6.15;
				PRODUCT_BUNDLE_IDENTIFIER = ch.alexandrereol.ethmensa.Clip;
				PRODUCT_NAME = "ETH Mensa Clip";
				SDKROOT = iphoneos;
				SUPPORTED_PLATFORMS = "iphoneos iphonesimulator";
				SUPPORTS_MACCATALYST = NO;
				SUPPORTS_MAC_DESIGNED_FOR_IPHONE_IPAD = NO;
				SUPPORTS_XR_DESIGNED_FOR_IPHONE_IPAD = NO;
				SWIFT_ACTIVE_COMPILATION_CONDITIONS = "DEBUG APPCLIP";
				SWIFT_EMIT_LOC_STRINGS = YES;
				SWIFT_VERSION = 5.0;
				TARGETED_DEVICE_FAMILY = "1,2";
			};
			name = Debug;
		};
		29550BE52AEADD560014F07F /* Release */ = {
			isa = XCBuildConfiguration;
			buildSettings = {
				ASSETCATALOG_COMPILER_APPICON_NAME = AppIcon;
				ASSETCATALOG_COMPILER_GLOBAL_ACCENT_COLOR_NAME = AccentColor;
				CODE_SIGN_ENTITLEMENTS = clip/Clip.entitlements;
				CODE_SIGN_STYLE = Automatic;
				CURRENT_PROJECT_VERSION = 1;
				ENABLE_APP_SANDBOX = YES;
				ENABLE_OUTGOING_NETWORK_CONNECTIONS = YES;
				ENABLE_PREVIEWS = YES;
				GENERATE_INFOPLIST_FILE = YES;
				INFOPLIST_FILE = clip/Info.plist;
				INFOPLIST_KEY_CFBundleDisplayName = "ETH Mensa";
				INFOPLIST_KEY_ITSAppUsesNonExemptEncryption = NO;
				INFOPLIST_KEY_LSApplicationCategoryType = "public.app-category.food-and-drink";
				INFOPLIST_KEY_UIApplicationSceneManifest_Generation = YES;
				INFOPLIST_KEY_UIApplicationSupportsIndirectInputEvents = YES;
				INFOPLIST_KEY_UILaunchScreen_Generation = YES;
				INFOPLIST_KEY_UISupportedInterfaceOrientations = UIInterfaceOrientationPortrait;
				INFOPLIST_KEY_UISupportedInterfaceOrientations_iPad = "UIInterfaceOrientationLandscapeLeft UIInterfaceOrientationLandscapeRight UIInterfaceOrientationPortrait UIInterfaceOrientationPortraitUpsideDown";
				IPHONEOS_DEPLOYMENT_TARGET = 16.0;
				LD_RUNPATH_SEARCH_PATHS = (
					"$(inherited)",
					"@executable_path/Frameworks",
				);
				MARKETING_VERSION = 6.15;
				PRODUCT_BUNDLE_IDENTIFIER = ch.alexandrereol.ethmensa.Clip;
				PRODUCT_NAME = "ETH Mensa Clip";
				SDKROOT = iphoneos;
				SUPPORTED_PLATFORMS = "iphoneos iphonesimulator";
				SUPPORTS_MACCATALYST = NO;
				SUPPORTS_MAC_DESIGNED_FOR_IPHONE_IPAD = NO;
				SUPPORTS_XR_DESIGNED_FOR_IPHONE_IPAD = NO;
				SWIFT_ACTIVE_COMPILATION_CONDITIONS = APPCLIP;
				SWIFT_EMIT_LOC_STRINGS = YES;
				SWIFT_VERSION = 5.0;
				TARGETED_DEVICE_FAMILY = "1,2";
				VALIDATE_PRODUCT = YES;
			};
			name = Release;
		};
		2982AFB32AEC4FCD008B2B41 /* Debug */ = {
			isa = XCBuildConfiguration;
			buildSettings = {
				ASSETCATALOG_COMPILER_APPICON_NAME = AppIcon;
				ASSETCATALOG_COMPILER_GLOBAL_ACCENT_COLOR_NAME = AccentColor;
				CODE_SIGN_ENTITLEMENTS = watchos/watchos.entitlements;
				CODE_SIGN_STYLE = Automatic;
				CURRENT_PROJECT_VERSION = 1;
				ENABLE_PREVIEWS = YES;
				GENERATE_INFOPLIST_FILE = YES;
				INFOPLIST_FILE = watchos/Info.plist;
				INFOPLIST_KEY_CFBundleDisplayName = "ETH Mensa";
				INFOPLIST_KEY_UISupportedInterfaceOrientations = "UIInterfaceOrientationPortrait UIInterfaceOrientationPortraitUpsideDown";
				INFOPLIST_KEY_WKCompanionAppBundleIdentifier = ch.alexandrereol.ethmensa;
				INFOPLIST_KEY_WKRunsIndependentlyOfCompanionApp = YES;
				INFOPLIST_KEY_WKWatchOnly = NO;
				LD_RUNPATH_SEARCH_PATHS = (
					"$(inherited)",
					"@executable_path/Frameworks",
				);
				MARKETING_VERSION = 6.15;
				PRODUCT_BUNDLE_IDENTIFIER = ch.alexandrereol.ethmensa.watchkitapp;
				PRODUCT_NAME = "ETH Mensa";
				SDKROOT = watchos;
				SKIP_INSTALL = YES;
				SWIFT_ACTIVE_COMPILATION_CONDITIONS = "WATCHOS DEBUG";
				SWIFT_EMIT_LOC_STRINGS = YES;
				SWIFT_VERSION = 5.0;
				TARGETED_DEVICE_FAMILY = 4;
				WATCHOS_DEPLOYMENT_TARGET = 10.0;
			};
			name = Debug;
		};
		2982AFB42AEC4FCD008B2B41 /* Release */ = {
			isa = XCBuildConfiguration;
			buildSettings = {
				ASSETCATALOG_COMPILER_APPICON_NAME = AppIcon;
				ASSETCATALOG_COMPILER_GLOBAL_ACCENT_COLOR_NAME = AccentColor;
				CODE_SIGN_ENTITLEMENTS = watchos/watchos.entitlements;
				CODE_SIGN_STYLE = Automatic;
				CURRENT_PROJECT_VERSION = 1;
				ENABLE_PREVIEWS = YES;
				GENERATE_INFOPLIST_FILE = YES;
				INFOPLIST_FILE = watchos/Info.plist;
				INFOPLIST_KEY_CFBundleDisplayName = "ETH Mensa";
				INFOPLIST_KEY_UISupportedInterfaceOrientations = "UIInterfaceOrientationPortrait UIInterfaceOrientationPortraitUpsideDown";
				INFOPLIST_KEY_WKCompanionAppBundleIdentifier = ch.alexandrereol.ethmensa;
				INFOPLIST_KEY_WKRunsIndependentlyOfCompanionApp = YES;
				INFOPLIST_KEY_WKWatchOnly = NO;
				LD_RUNPATH_SEARCH_PATHS = (
					"$(inherited)",
					"@executable_path/Frameworks",
				);
				MARKETING_VERSION = 6.15;
				PRODUCT_BUNDLE_IDENTIFIER = ch.alexandrereol.ethmensa.watchkitapp;
				PRODUCT_NAME = "ETH Mensa";
				SDKROOT = watchos;
				SKIP_INSTALL = YES;
				SWIFT_ACTIVE_COMPILATION_CONDITIONS = WATCHOS;
				SWIFT_EMIT_LOC_STRINGS = YES;
				SWIFT_VERSION = 5.0;
				TARGETED_DEVICE_FAMILY = 4;
				VALIDATE_PRODUCT = YES;
				WATCHOS_DEPLOYMENT_TARGET = 10.0;
			};
			name = Release;
		};
		29CEE19E2D84301C00C6D257 /* Debug */ = {
			isa = XCBuildConfiguration;
			buildSettings = {
				ASSETCATALOG_COMPILER_GLOBAL_ACCENT_COLOR_NAME = AccentColor;
				ASSETCATALOG_COMPILER_WIDGET_BACKGROUND_COLOR_NAME = WidgetBackground;
				CODE_SIGN_ENTITLEMENTS = widget/widgetExtension.entitlements;
				CODE_SIGN_STYLE = Automatic;
				CURRENT_PROJECT_VERSION = 1;
				ENABLE_APP_SANDBOX = YES;
				ENABLE_OUTGOING_NETWORK_CONNECTIONS = YES;
				ENABLE_USER_SCRIPT_SANDBOXING = YES;
				GENERATE_INFOPLIST_FILE = YES;
				INFOPLIST_FILE = widget/Info.plist;
				INFOPLIST_KEY_CFBundleDisplayName = widget;
				INFOPLIST_KEY_NSHumanReadableCopyright = "";
				IPHONEOS_DEPLOYMENT_TARGET = 18.0;
				LD_RUNPATH_SEARCH_PATHS = (
					"$(inherited)",
					"@executable_path/Frameworks",
					"@executable_path/../../Frameworks",
				);
				MARKETING_VERSION = 6.15;
				PRODUCT_BUNDLE_IDENTIFIER = ch.alexandrereol.ethmensa.widget;
				PRODUCT_NAME = "$(TARGET_NAME)";
				SDKROOT = iphoneos;
				SKIP_INSTALL = YES;
				SUPPORTED_PLATFORMS = "iphoneos iphonesimulator";
				SUPPORTS_MACCATALYST = NO;
				SUPPORTS_MAC_DESIGNED_FOR_IPHONE_IPAD = NO;
				SUPPORTS_XR_DESIGNED_FOR_IPHONE_IPAD = NO;
				SWIFT_ACTIVE_COMPILATION_CONDITIONS = "DEBUG $(inherited) WIDGET";
				SWIFT_EMIT_LOC_STRINGS = YES;
				SWIFT_VERSION = 5.0;
				TARGETED_DEVICE_FAMILY = "1,2";
			};
			name = Debug;
		};
		29CEE19F2D84301C00C6D257 /* Release */ = {
			isa = XCBuildConfiguration;
			buildSettings = {
				ASSETCATALOG_COMPILER_GLOBAL_ACCENT_COLOR_NAME = AccentColor;
				ASSETCATALOG_COMPILER_WIDGET_BACKGROUND_COLOR_NAME = WidgetBackground;
				CODE_SIGN_ENTITLEMENTS = widget/widgetExtension.entitlements;
				CODE_SIGN_STYLE = Automatic;
				CURRENT_PROJECT_VERSION = 1;
				ENABLE_APP_SANDBOX = YES;
				ENABLE_OUTGOING_NETWORK_CONNECTIONS = YES;
				ENABLE_USER_SCRIPT_SANDBOXING = YES;
				GENERATE_INFOPLIST_FILE = YES;
				INFOPLIST_FILE = widget/Info.plist;
				INFOPLIST_KEY_CFBundleDisplayName = widget;
				INFOPLIST_KEY_NSHumanReadableCopyright = "";
				IPHONEOS_DEPLOYMENT_TARGET = 18.0;
				LD_RUNPATH_SEARCH_PATHS = (
					"$(inherited)",
					"@executable_path/Frameworks",
					"@executable_path/../../Frameworks",
				);
				MARKETING_VERSION = 6.15;
				PRODUCT_BUNDLE_IDENTIFIER = ch.alexandrereol.ethmensa.widget;
				PRODUCT_NAME = "$(TARGET_NAME)";
				SDKROOT = iphoneos;
				SKIP_INSTALL = YES;
				SUPPORTED_PLATFORMS = "iphoneos iphonesimulator";
				SUPPORTS_MACCATALYST = NO;
				SUPPORTS_MAC_DESIGNED_FOR_IPHONE_IPAD = NO;
				SUPPORTS_XR_DESIGNED_FOR_IPHONE_IPAD = NO;
				SWIFT_ACTIVE_COMPILATION_CONDITIONS = WIDGET;
				SWIFT_EMIT_LOC_STRINGS = YES;
				SWIFT_VERSION = 5.0;
				TARGETED_DEVICE_FAMILY = "1,2";
				VALIDATE_PRODUCT = YES;
			};
			name = Release;
		};
/* End XCBuildConfiguration section */

/* Begin XCConfigurationList section */
		291C81EA2B5998BC00730BFD /* Build configuration list for PBXNativeTarget "visionos" */ = {
			isa = XCConfigurationList;
			buildConfigurations = (
				291C81EB2B5998BC00730BFD /* Debug */,
				291C81EC2B5998BC00730BFD /* Release */,
			);
			defaultConfigurationIsVisible = 0;
			defaultConfigurationName = Release;
		};
		294E16342A8E22C3000A3AB6 /* Build configuration list for PBXProject "ethmensa" */ = {
			isa = XCConfigurationList;
			buildConfigurations = (
				294E16462A8E22C6000A3AB6 /* Debug */,
				294E16472A8E22C6000A3AB6 /* Release */,
			);
			defaultConfigurationIsVisible = 0;
			defaultConfigurationName = Release;
		};
		294E16482A8E22C6000A3AB6 /* Build configuration list for PBXNativeTarget "ethmensa" */ = {
			isa = XCConfigurationList;
			buildConfigurations = (
				294E16492A8E22C6000A3AB6 /* Debug */,
				294E164A2A8E22C6000A3AB6 /* Release */,
			);
			defaultConfigurationIsVisible = 0;
			defaultConfigurationName = Release;
		};
		29550BE32AEADD560014F07F /* Build configuration list for PBXNativeTarget "clip" */ = {
			isa = XCConfigurationList;
			buildConfigurations = (
				29550BE42AEADD560014F07F /* Debug */,
				29550BE52AEADD560014F07F /* Release */,
			);
			defaultConfigurationIsVisible = 0;
			defaultConfigurationName = Release;
		};
		2982AFB22AEC4FCD008B2B41 /* Build configuration list for PBXNativeTarget "watchos" */ = {
			isa = XCConfigurationList;
			buildConfigurations = (
				2982AFB32AEC4FCD008B2B41 /* Debug */,
				2982AFB42AEC4FCD008B2B41 /* Release */,
			);
			defaultConfigurationIsVisible = 0;
			defaultConfigurationName = Release;
		};
		29CEE19D2D84301C00C6D257 /* Build configuration list for PBXNativeTarget "widget" */ = {
			isa = XCConfigurationList;
			buildConfigurations = (
				29CEE19E2D84301C00C6D257 /* Debug */,
				29CEE19F2D84301C00C6D257 /* Release */,
			);
			defaultConfigurationIsVisible = 0;
			defaultConfigurationName = Release;
		};
/* End XCConfigurationList section */

/* Begin XCRemoteSwiftPackageReference section */
		299314972C8F4A8E0046D221 /* XCRemoteSwiftPackageReference "WhatsNewKit" */ = {
			isa = XCRemoteSwiftPackageReference;
			repositoryURL = "https://github.com/SvenTiigi/WhatsNewKit";
			requirement = {
				kind = upToNextMajorVersion;
				minimumVersion = 2.2.1;
			};
		};
		2997301E2BF2AE3500BB3A18 /* XCRemoteSwiftPackageReference "UIOnboarding" */ = {
			isa = XCRemoteSwiftPackageReference;
			repositoryURL = "https://github.com/lascic/UIOnboarding.git";
			requirement = {
				kind = upToNextMajorVersion;
				minimumVersion = 2.0.3;
			};
		};
		299730292BF2AE9C00BB3A18 /* XCRemoteSwiftPackageReference "url-image" */ = {
			isa = XCRemoteSwiftPackageReference;
			repositoryURL = "https://github.com/dmytro-anokhin/url-image.git";
			requirement = {
				kind = upToNextMajorVersion;
				minimumVersion = 2.2.5;
			};
		};
		29AF8EBC2F7953DE00F49EDF /* XCRemoteSwiftPackageReference "SwiftLintPlugins" */ = {
			isa = XCRemoteSwiftPackageReference;
			repositoryURL = "https://github.com/SimplyDanny/SwiftLintPlugins";
			requirement = {
				kind = upToNextMajorVersion;
				minimumVersion = 0.63.2;
			};
		};
/* End XCRemoteSwiftPackageReference section */

/* Begin XCSwiftPackageProductDependency section */
		299314982C8F4A8E0046D221 /* WhatsNewKit */ = {
			isa = XCSwiftPackageProductDependency;
			package = 299314972C8F4A8E0046D221 /* XCRemoteSwiftPackageReference "WhatsNewKit" */;
			productName = WhatsNewKit;
		};
		2993149A2C8F4A990046D221 /* WhatsNewKit */ = {
			isa = XCSwiftPackageProductDependency;
			package = 299314972C8F4A8E0046D221 /* XCRemoteSwiftPackageReference "WhatsNewKit" */;
			productName = WhatsNewKit;
		};
		2997301F2BF2AE3500BB3A18 /* UIOnboarding */ = {
			isa = XCSwiftPackageProductDependency;
			package = 2997301E2BF2AE3500BB3A18 /* XCRemoteSwiftPackageReference "UIOnboarding" */;
			productName = UIOnboarding;
		};
		2997302A2BF2AEC300BB3A18 /* URLImage */ = {
			isa = XCSwiftPackageProductDependency;
			package = 299730292BF2AE9C00BB3A18 /* XCRemoteSwiftPackageReference "url-image" */;
			productName = URLImage;
		};
		2997302C2BF2AED000BB3A18 /* URLImage */ = {
			isa = XCSwiftPackageProductDependency;
			package = 299730292BF2AE9C00BB3A18 /* XCRemoteSwiftPackageReference "url-image" */;
			productName = URLImage;
		};
		299730302BF2AF1400BB3A18 /* URLImage */ = {
			isa = XCSwiftPackageProductDependency;
			package = 299730292BF2AE9C00BB3A18 /* XCRemoteSwiftPackageReference "url-image" */;
			productName = URLImage;
		};
/* End XCSwiftPackageProductDependency section */
	};
	rootObject = 294E16312A8E22C3000A3AB6 /* Project object */;
}
